
Microsoft Visual Studio Solution File, Format Version 12.00
# Visual Studio 2012
Project("{F184B08F-C81C-45F6-A57F-5ABD9991F28F}") = "ConsoleApplication29", "ConsoleApplication29.vbproj", "{BBF8B401-B6D4-42D8-9674-D6DEBA49A714}"
EndProject
Global
	GlobalSection(SolutionConfigurationPlatforms) = preSolution
		Debug|Any CPU = Debug|Any CPU
		Release|Any CPU = Release|Any CPU
	EndGlobalSection
	GlobalSection(ProjectConfigurationPlatforms) = postSolution
		{BBF8B401-B6D4-42D8-9674-D6DEBA49A714}.Debug|Any CPU.ActiveCfg = Debug|Any CPU
		{BBF8B401-B6D4-42D8-9674-D6DEBA49A714}.Debug|Any CPU.Build.0 = Debug|Any CPU
		{BBF8B401-B6D4-42D8-9674-D6DEBA49A714}.Release|Any CPU.ActiveCfg = Release|Any CPU
		{BBF8B401-B6D4-42D8-9674-D6DEBA49A714}.Release|Any CPU.Build.0 = Release|Any CPU
	EndGlobalSection
	GlobalSection(SolutionProperties) = preSolution
		HideSolutionNode = FALSE
	EndGlobalSection
EndGlobal
