
Microsoft Visual Studio Solution File, Format Version 12.00
# Visual Studio 2012
Project("{F184B08F-C81C-45F6-A57F-5ABD9991F28F}") = "WindowsApplication13", "WindowsApplication13.vbproj", "{FBAFF237-1551-47D0-B86C-6A735A82D89C}"
EndProject
Global
	GlobalSection(SolutionConfigurationPlatforms) = preSolution
		Debug|Any CPU = Debug|Any CPU
		Release|Any CPU = Release|Any CPU
	EndGlobalSection
	GlobalSection(ProjectConfigurationPlatforms) = postSolution
		{FBAFF237-1551-47D0-B86C-6A735A82D89C}.Debug|Any CPU.ActiveCfg = Debug|Any CPU
		{FBAFF237-1551-47D0-B86C-6A735A82D89C}.Debug|Any CPU.Build.0 = Debug|Any CPU
		{FBAFF237-1551-47D0-B86C-6A735A82D89C}.Release|Any CPU.ActiveCfg = Release|Any CPU
		{FBAFF237-1551-47D0-B86C-6A735A82D89C}.Release|Any CPU.Build.0 = Release|Any CPU
	EndGlobalSection
	GlobalSection(SolutionProperties) = preSolution
		HideSolutionNode = FALSE
	EndGlobalSection
EndGlobal
