
Microsoft Visual Studio Solution File, Format Version 12.00
# Visual Studio 2012
Project("{F184B08F-C81C-45F6-A57F-5ABD9991F28F}") = "ConsoleApplication17", "ConsoleApplication17.vbproj", "{A84C7DCF-707D-4621-BB08-B6C4C900E24A}"
EndProject
Global
	GlobalSection(SolutionConfigurationPlatforms) = preSolution
		Debug|Any CPU = Debug|Any CPU
		Release|Any CPU = Release|Any CPU
	EndGlobalSection
	GlobalSection(ProjectConfigurationPlatforms) = postSolution
		{A84C7DCF-707D-4621-BB08-B6C4C900E24A}.Debug|Any CPU.ActiveCfg = Debug|Any CPU
		{A84C7DCF-707D-4621-BB08-B6C4C900E24A}.Debug|Any CPU.Build.0 = Debug|Any CPU
		{A84C7DCF-707D-4621-BB08-B6C4C900E24A}.Release|Any CPU.ActiveCfg = Release|Any CPU
		{A84C7DCF-707D-4621-BB08-B6C4C900E24A}.Release|Any CPU.Build.0 = Release|Any CPU
	EndGlobalSection
	GlobalSection(SolutionProperties) = preSolution
		HideSolutionNode = FALSE
	EndGlobalSection
EndGlobal
