
Microsoft Visual Studio Solution File, Format Version 12.00
# Visual Studio 2012
Project("{F184B08F-C81C-45F6-A57F-5ABD9991F28F}") = "ConsoleApplication8", "ConsoleApplication8\ConsoleApplication8.vbproj", "{98664D0F-A48D-4DAA-9A5F-655CD7E06F2D}"
EndProject
Global
	GlobalSection(SolutionConfigurationPlatforms) = preSolution
		Debug|Any CPU = Debug|Any CPU
		Release|Any CPU = Release|Any CPU
	EndGlobalSection
	GlobalSection(ProjectConfigurationPlatforms) = postSolution
		{98664D0F-A48D-4DAA-9A5F-655CD7E06F2D}.Debug|Any CPU.ActiveCfg = Debug|Any CPU
		{98664D0F-A48D-4DAA-9A5F-655CD7E06F2D}.Debug|Any CPU.Build.0 = Debug|Any CPU
		{98664D0F-A48D-4DAA-9A5F-655CD7E06F2D}.Release|Any CPU.ActiveCfg = Release|Any CPU
		{98664D0F-A48D-4DAA-9A5F-655CD7E06F2D}.Release|Any CPU.Build.0 = Release|Any CPU
	EndGlobalSection
	GlobalSection(SolutionProperties) = preSolution
		HideSolutionNode = FALSE
	EndGlobalSection
EndGlobal
